
Microsoft Visual Studio Solution File, Format Version 12.00
# Visual Studio Version 16
VisualStudioVersion = 16.0.31702.278
MinimumVisualStudioVersion = 10.0.40219.1
Project("{9A19103F-16F7-4668-BE54-9A1E7A4F7556}") = "FinanceAnalytic", "WebApplication3\FinanceAnalytic.csproj", "{0CA07491-B83D-4010-8C06-C47E1C1B0AA2}"
EndProject
Project("{9A19103F-16F7-4668-BE54-9A1E7A4F7556}") = "TestProject1", "TestProject1\TestProject1.csproj", "{0FCD2A51-0D8A-40A4-9E37-0755DBA21318}"
EndProject
Project("{FAE04EC0-301F-11D3-BF4B-00C04F79EFBC}") = "SystemTesting", "SystemTesting\SystemTesting.csproj", "{6C991360-446E-48F9-9795-F0B4BD5BF7FB}"
EndProject
Project("{2150E333-8FDC-42A3-9474-1A3956D46DE8}") = "Solution Items", "Solution Items", "{B495C855-6287-484A-9486-BE3E15C755BA}"
	ProjectSection(SolutionItems) = preProject
		Local.testsettings = Local.testsettings
	EndProjectSection
EndProject
Global
	GlobalSection(SolutionConfigurationPlatforms) = preSolution
		Debug|Any CPU = Debug|Any CPU
		Release|Any CPU = Release|Any CPU
	EndGlobalSection
	GlobalSection(ProjectConfigurationPlatforms) = postSolution
		{0CA07491-B83D-4010-8C06-C47E1C1B0AA2}.Debug|Any CPU.ActiveCfg = Debug|Any CPU
		{0CA07491-B83D-4010-8C06-C47E1C1B0AA2}.Debug|Any CPU.Build.0 = Debug|Any CPU
		{0CA07491-B83D-4010-8C06-C47E1C1B0AA2}.Release|Any CPU.ActiveCfg = Release|Any CPU
		{0CA07491-B83D-4010-8C06-C47E1C1B0AA2}.Release|Any CPU.Build.0 = Release|Any CPU
		{0FCD2A51-0D8A-40A4-9E37-0755DBA21318}.Debug|Any CPU.ActiveCfg = Debug|Any CPU
		{0FCD2A51-0D8A-40A4-9E37-0755DBA21318}.Debug|Any CPU.Build.0 = Debug|Any CPU
		{0FCD2A51-0D8A-40A4-9E37-0755DBA21318}.Release|Any CPU.ActiveCfg = Release|Any CPU
		{0FCD2A51-0D8A-40A4-9E37-0755DBA21318}.Release|Any CPU.Build.0 = Release|Any CPU
		{6C991360-446E-48F9-9795-F0B4BD5BF7FB}.Debug|Any CPU.ActiveCfg = Debug|Any CPU
		{6C991360-446E-48F9-9795-F0B4BD5BF7FB}.Debug|Any CPU.Build.0 = Debug|Any CPU
		{6C991360-446E-48F9-9795-F0B4BD5BF7FB}.Release|Any CPU.ActiveCfg = Release|Any CPU
		{6C991360-446E-48F9-9795-F0B4BD5BF7FB}.Release|Any CPU.Build.0 = Release|Any CPU
	EndGlobalSection
	GlobalSection(SolutionProperties) = preSolution
		HideSolutionNode = FALSE
	EndGlobalSection
	GlobalSection(ExtensibilityGlobals) = postSolution
		SolutionGuid = {503292D6-270E-4D28-9F8C-D1350C6F8BA3}
	EndGlobalSection
EndGlobal
